// !$*UTF8*$!
{
	archiveVersion = 1;
	classes = {
	};
	objectVersion = 56;
	objects = {

/* Begin PBXBuildFile section */
		9B3C8CFE2C026B58002670D2 /* EventoData.xcdatamodeld in Sources */ = {isa = PBXBuildFile; fileRef = 9B3C8CFC2C026B58002670D2 /* EventoData.xcdatamodeld */; };
		D7166B2D2BF59F21004C1357 /* SlidersView.swift in Sources */ = {isa = PBXBuildFile; fileRef = D7166B2C2BF59F21004C1357 /* SlidersView.swift */; };
		D718D8122BD9AFFD00553846 /* EventoModel.swift in Sources */ = {isa = PBXBuildFile; fileRef = D718D8112BD9AFFD00553846 /* EventoModel.swift */; };
		D718D8142BD9BDD900553846 /* ProductCardView.swift in Sources */ = {isa = PBXBuildFile; fileRef = D718D8132BD9BDD900553846 /* ProductCardView.swift */; };
		D718D8172BD9D07100553846 /* ItemDetailViews.swift in Sources */ = {isa = PBXBuildFile; fileRef = D718D8162BD9D07100553846 /* ItemDetailViews.swift */; };
		D718D8192BD9EB4900553846 /* CarProductsView.swift in Sources */ = {isa = PBXBuildFile; fileRef = D718D8182BD9EB4900553846 /* CarProductsView.swift */; };
		D718D81B2BD9EFD600553846 /* EventoViewModel.swift in Sources */ = {isa = PBXBuildFile; fileRef = D718D81A2BD9EFD600553846 /* EventoViewModel.swift */; };
		D718D81D2BD9F1D100553846 /* CarView.swift in Sources */ = {isa = PBXBuildFile; fileRef = D718D81C2BD9F1D100553846 /* CarView.swift */; };
		D718D81F2BDA105900553846 /* TabBar.swift in Sources */ = {isa = PBXBuildFile; fileRef = D718D81E2BDA105900553846 /* TabBar.swift */; };
		D718D8222BDA108000553846 /* CategoriesView1.swift in Sources */ = {isa = PBXBuildFile; fileRef = D718D8212BDA108000553846 /* CategoriesView1.swift */; };
		D718D8242BDA10AF00553846 /* CarItemView.swift in Sources */ = {isa = PBXBuildFile; fileRef = D718D8232BDA10AF00553846 /* CarItemView.swift */; };
		D718D8262BDA10BD00553846 /* UserView.swift in Sources */ = {isa = PBXBuildFile; fileRef = D718D8252BDA10BD00553846 /* UserView.swift */; };
		D718D82B2BDA250F00553846 /* EventList.swift in Sources */ = {isa = PBXBuildFile; fileRef = D718D82A2BDA250F00553846 /* EventList.swift */; };
		D76D4BC72BEB2D5400AE7338 /* PlayfairDisplay-Bold.ttf in Resources */ = {isa = PBXBuildFile; fileRef = D76D4BC52BEB2D5400AE7338 /* PlayfairDisplay-Bold.ttf */; };
		D76D4BC82BEB2D5400AE7338 /* PlayfairDisplay-Regular.ttf in Resources */ = {isa = PBXBuildFile; fileRef = D76D4BC62BEB2D5400AE7338 /* PlayfairDisplay-Regular.ttf */; };
		D7D24AB92BC909B80002158A /* EventoRossApp.swift in Sources */ = {isa = PBXBuildFile; fileRef = D7D24AB82BC909B80002158A /* EventoRossApp.swift */; };
		D7D24ABB2BC909B80002158A /* ContentView.swift in Sources */ = {isa = PBXBuildFile; fileRef = D7D24ABA2BC909B80002158A /* ContentView.swift */; };
		D7D24ABD2BC909BA0002158A /* Assets.xcassets in Resources */ = {isa = PBXBuildFile; fileRef = D7D24ABC2BC909BA0002158A /* Assets.xcassets */; };
		D7D24AC02BC909BA0002158A /* Preview Assets.xcassets in Resources */ = {isa = PBXBuildFile; fileRef = D7D24ABF2BC909BA0002158A /* Preview Assets.xcassets */; };
		D7D722252BCA073900262F76 /* HomeViews.swift in Sources */ = {isa = PBXBuildFile; fileRef = D7D722242BCA073900262F76 /* HomeViews.swift */; };
/* End PBXBuildFile section */

/* Begin PBXFileReference section */
		9B3C8CFD2C026B58002670D2 /* EventoData.xcdatamodel */ = {isa = PBXFileReference; lastKnownFileType = wrapper.xcdatamodel; path = EventoData.xcdatamodel; sourceTree = "<group>"; };
		D7166B2C2BF59F21004C1357 /* SlidersView.swift */ = {isa = PBXFileReference; lastKnownFileType = sourcecode.swift; path = SlidersView.swift; sourceTree = "<group>"; };
		D718D8112BD9AFFD00553846 /* EventoModel.swift */ = {isa = PBXFileReference; lastKnownFileType = sourcecode.swift; path = EventoModel.swift; sourceTree = "<group>"; };
		D718D8132BD9BDD900553846 /* ProductCardView.swift */ = {isa = PBXFileReference; lastKnownFileType = sourcecode.swift; path = ProductCardView.swift; sourceTree = "<group>"; };
		D718D8162BD9D07100553846 /* ItemDetailViews.swift */ = {isa = PBXFileReference; lastKnownFileType = sourcecode.swift; path = ItemDetailViews.swift; sourceTree = "<group>"; };
		D718D8182BD9EB4900553846 /* CarProductsView.swift */ = {isa = PBXFileReference; lastKnownFileType = sourcecode.swift; path = CarProductsView.swift; sourceTree = "<group>"; };
		D718D81A2BD9EFD600553846 /* EventoViewModel.swift */ = {isa = PBXFileReference; lastKnownFileType = sourcecode.swift; path = EventoViewModel.swift; sourceTree = "<group>"; };
		D718D81C2BD9F1D100553846 /* CarView.swift */ = {isa = PBXFileReference; lastKnownFileType = sourcecode.swift; path = CarView.swift; sourceTree = "<group>"; };
		D718D81E2BDA105900553846 /* TabBar.swift */ = {isa = PBXFileReference; lastKnownFileType = sourcecode.swift; path = TabBar.swift; sourceTree = "<group>"; };
		D718D8212BDA108000553846 /* CategoriesView1.swift */ = {isa = PBXFileReference; lastKnownFileType = sourcecode.swift; path = CategoriesView1.swift; sourceTree = "<group>"; };
		D718D8232BDA10AF00553846 /* CarItemView.swift */ = {isa = PBXFileReference; lastKnownFileType = sourcecode.swift; path = CarItemView.swift; sourceTree = "<group>"; };
		D718D8252BDA10BD00553846 /* UserView.swift */ = {isa = PBXFileReference; lastKnownFileType = sourcecode.swift; path = UserView.swift; sourceTree = "<group>"; };
		D718D82A2BDA250F00553846 /* EventList.swift */ = {isa = PBXFileReference; lastKnownFileType = sourcecode.swift; path = EventList.swift; sourceTree = "<group>"; };
		D76D4BC52BEB2D5400AE7338 /* PlayfairDisplay-Bold.ttf */ = {isa = PBXFileReference; lastKnownFileType = file; name = "PlayfairDisplay-Bold.ttf"; path = "../../Topics Swift/Temas/PlayfairDisplay-Bold.ttf"; sourceTree = "<group>"; };
		D76D4BC62BEB2D5400AE7338 /* PlayfairDisplay-Regular.ttf */ = {isa = PBXFileReference; lastKnownFileType = file; name = "PlayfairDisplay-Regular.ttf"; path = "../../Topics Swift/Temas/PlayfairDisplay-Regular.ttf"; sourceTree = "<group>"; };
		D7C01D302BC9C11000A948C4 /* Info.plist */ = {isa = PBXFileReference; lastKnownFileType = text.plist; path = Info.plist; sourceTree = "<group>"; };
		D7D24AB52BC909B80002158A /* EventoRoss.app */ = {isa = PBXFileReference; explicitFileType = wrapper.application; includeInIndex = 0; path = EventoRoss.app; sourceTree = BUILT_PRODUCTS_DIR; };
		D7D24AB82BC909B80002158A /* EventoRossApp.swift */ = {isa = PBXFileReference; lastKnownFileType = sourcecode.swift; path = EventoRossApp.swift; sourceTree = "<group>"; };
		D7D24ABA2BC909B80002158A /* ContentView.swift */ = {isa = PBXFileReference; lastKnownFileType = sourcecode.swift; path = ContentView.swift; sourceTree = "<group>"; };
		D7D24ABC2BC909BA0002158A /* Assets.xcassets */ = {isa = PBXFileReference; lastKnownFileType = folder.assetcatalog; path = Assets.xcassets; sourceTree = "<group>"; };
		D7D24ABF2BC909BA0002158A /* Preview Assets.xcassets */ = {isa = PBXFileReference; lastKnownFileType = folder.assetcatalog; path = "Preview Assets.xcassets"; sourceTree = "<group>"; };
		D7D722242BCA073900262F76 /* HomeViews.swift */ = {isa = PBXFileReference; lastKnownFileType = sourcecode.swift; path = HomeViews.swift; sourceTree = "<group>"; };
/* End PBXFileReference section */

/* Begin PBXFrameworksBuildPhase section */
		D7D24AB22BC909B80002158A /* Frameworks */ = {
			isa = PBXFrameworksBuildPhase;
			buildActionMask = 2147483647;
			files = (
			);
			runOnlyForDeploymentPostprocessing = 0;
		};
/* End PBXFrameworksBuildPhase section */

/* Begin PBXGroup section */
		D718D8152BD9CDE900553846 /* Details */ = {
			isa = PBXGroup;
			children = (
				D718D8162BD9D07100553846 /* ItemDetailViews.swift */,
				D718D8132BD9BDD900553846 /* ProductCardView.swift */,
				D718D8182BD9EB4900553846 /* CarProductsView.swift */,
				D718D81C2BD9F1D100553846 /* CarView.swift */,
				D7166B2C2BF59F21004C1357 /* SlidersView.swift */,
				D718D82A2BDA250F00553846 /* EventList.swift */,
			);
			path = Details;
			sourceTree = "<group>";
		};
		D718D8202BDA106200553846 /* Main */ = {
			isa = PBXGroup;
			children = (
				D7D24ABA2BC909B80002158A /* ContentView.swift */,
				D718D81E2BDA105900553846 /* TabBar.swift */,
				D7D722242BCA073900262F76 /* HomeViews.swift */,
				D718D8212BDA108000553846 /* CategoriesView1.swift */,
				D718D8232BDA10AF00553846 /* CarItemView.swift */,
				D718D8252BDA10BD00553846 /* UserView.swift */,
			);
			path = Main;
			sourceTree = "<group>";
		};
		D718D8272BDA10CA00553846 /* Model */ = {
			isa = PBXGroup;
			children = (
				D718D8112BD9AFFD00553846 /* EventoModel.swift */,
			);
			path = Model;
			sourceTree = "<group>";
		};
		D718D8282BDA10D700553846 /* ViewModel */ = {
			isa = PBXGroup;
			children = (
				D718D81A2BD9EFD600553846 /* EventoViewModel.swift */,
				9B3C8CFC2C026B58002670D2 /* EventoData.xcdatamodeld */,
			);
			path = ViewModel;
			sourceTree = "<group>";
		};
		D718D8292BDA10EC00553846 /* Views */ = {
			isa = PBXGroup;
			children = (
				D718D8202BDA106200553846 /* Main */,
				D718D8152BD9CDE900553846 /* Details */,
			);
			path = Views;
			sourceTree = "<group>";
		};
		D7D24AAC2BC909B80002158A = {
			isa = PBXGroup;
			children = (
				D7D24AB72BC909B80002158A /* EventoRoss */,
				D7D24AB62BC909B80002158A /* Products */,
			);
			sourceTree = "<group>";
		};
		D7D24AB62BC909B80002158A /* Products */ = {
			isa = PBXGroup;
			children = (
				D7D24AB52BC909B80002158A /* EventoRoss.app */,
			);
			name = Products;
			sourceTree = "<group>";
		};
		D7D24AB72BC909B80002158A /* EventoRoss */ = {
			isa = PBXGroup;
			children = (
				D7C01D302BC9C11000A948C4 /* Info.plist */,
				D7D24AB82BC909B80002158A /* EventoRossApp.swift */,
				D718D8292BDA10EC00553846 /* Views */,
				D718D8272BDA10CA00553846 /* Model */,
				D718D8282BDA10D700553846 /* ViewModel */,
				D7D24ABC2BC909BA0002158A /* Assets.xcassets */,
				D76D4BC52BEB2D5400AE7338 /* PlayfairDisplay-Bold.ttf */,
				D76D4BC62BEB2D5400AE7338 /* PlayfairDisplay-Regular.ttf */,
				D7D24ABE2BC909BA0002158A /* Preview Content */,
			);
			path = EventoRoss;
			sourceTree = "<group>";
		};
		D7D24ABE2BC909BA0002158A /* Preview Content */ = {
			isa = PBXGroup;
			children = (
				D7D24ABF2BC909BA0002158A /* Preview Assets.xcassets */,
			);
			path = "Preview Content";
			sourceTree = "<group>";
		};
/* End PBXGroup section */

/* Begin PBXNativeTarget section */
		D7D24AB42BC909B80002158A /* EventoRoss */ = {
			isa = PBXNativeTarget;
			buildConfigurationList = D7D24AC32BC909BA0002158A /* Build configuration list for PBXNativeTarget "EventoRoss" */;
			buildPhases = (
				D7D24AB12BC909B80002158A /* Sources */,
				D7D24AB22BC909B80002158A /* Frameworks */,
				D7D24AB32BC909B80002158A /* Resources */,
			);
			buildRules = (
			);
			dependencies = (
			);
			name = EventoRoss;
			productName = EventoRoss;
			productReference = D7D24AB52BC909B80002158A /* EventoRoss.app */;
			productType = "com.apple.product-type.application";
		};
/* End PBXNativeTarget section */

/* Begin PBXProject section */
		D7D24AAD2BC909B80002158A /* Project object */ = {
			isa = PBXProject;
			attributes = {
				BuildIndependentTargetsInParallel = 1;
				LastSwiftUpdateCheck = 1510;
				LastUpgradeCheck = 1510;
				TargetAttributes = {
					D7D24AB42BC909B80002158A = {
						CreatedOnToolsVersion = 15.1;
					};
				};
			};
			buildConfigurationList = D7D24AB02BC909B80002158A /* Build configuration list for PBXProject "EventoRoss" */;
			compatibilityVersion = "Xcode 14.0";
			developmentRegion = en;
			hasScannedForEncodings = 0;
			knownRegions = (
				en,
				Base,
			);
			mainGroup = D7D24AAC2BC909B80002158A;
			productRefGroup = D7D24AB62BC909B80002158A /* Products */;
			projectDirPath = "";
			projectRoot = "";
			targets = (
				D7D24AB42BC909B80002158A /* EventoRoss */,
			);
		};
/* End PBXProject section */

/* Begin PBXResourcesBuildPhase section */
		D7D24AB32BC909B80002158A /* Resources */ = {
			isa = PBXResourcesBuildPhase;
			buildActionMask = 2147483647;
			files = (
				D76D4BC82BEB2D5400AE7338 /* PlayfairDisplay-Regular.ttf in Resources */,
				D76D4BC72BEB2D5400AE7338 /* PlayfairDisplay-Bold.ttf in Resources */,
				D7D24AC02BC909BA0002158A /* Preview Assets.xcassets in Resources */,
				D7D24ABD2BC909BA0002158A /* Assets.xcassets in Resources */,
			);
			runOnlyForDeploymentPostprocessing = 0;
		};
/* End PBXResourcesBuildPhase section */

/* Begin PBXSourcesBuildPhase section */
		D7D24AB12BC909B80002158A /* Sources */ = {
			isa = PBXSourcesBuildPhase;
			buildActionMask = 2147483647;
			files = (
				D718D82B2BDA250F00553846 /* EventList.swift in Sources */,
				D7166B2D2BF59F21004C1357 /* SlidersView.swift in Sources */,
				D718D8142BD9BDD900553846 /* ProductCardView.swift in Sources */,
				D718D81D2BD9F1D100553846 /* CarView.swift in Sources */,
				D718D8242BDA10AF00553846 /* CarItemView.swift in Sources */,
				D718D8122BD9AFFD00553846 /* EventoModel.swift in Sources */,
				D718D81B2BD9EFD600553846 /* EventoViewModel.swift in Sources */,
				D7D24ABB2BC909B80002158A /* ContentView.swift in Sources */,
				D7D24AB92BC909B80002158A /* EventoRossApp.swift in Sources */,
				D718D8172BD9D07100553846 /* ItemDetailViews.swift in Sources */,
				9B3C8CFE2C026B58002670D2 /* EventoData.xcdatamodeld in Sources */,
				D718D8222BDA108000553846 /* CategoriesView1.swift in Sources */,
				D718D81F2BDA105900553846 /* TabBar.swift in Sources */,
				D718D8192BD9EB4900553846 /* CarProductsView.swift in Sources */,
				D7D722252BCA073900262F76 /* HomeViews.swift in Sources */,
				D718D8262BDA10BD00553846 /* UserView.swift in Sources */,
			);
			runOnlyForDeploymentPostprocessing = 0;
		};
/* End PBXSourcesBuildPhase section */

/* Begin XCBuildConfiguration section */
		D7D24AC12BC909BA0002158A /* Debug */ = {
			isa = XCBuildConfiguration;
			buildSettings = {
				ALWAYS_SEARCH_USER_PATHS = NO;
				ASSETCATALOG_COMPILER_GENERATE_SWIFT_ASSET_SYMBOL_EXTENSIONS = YES;
				CLANG_ANALYZER_NONNULL = YES;
				CLANG_ANALYZER_NUMBER_OBJECT_CONVERSION = YES_AGGRESSIVE;
				CLANG_CXX_LANGUAGE_STANDARD = "gnu++20";
				CLANG_ENABLE_MODULES = YES;
				CLANG_ENABLE_OBJC_ARC = YES;
				CLANG_ENABLE_OBJC_WEAK = YES;
				CLANG_WARN_BLOCK_CAPTURE_AUTORELEASING = YES;
				CLANG_WARN_BOOL_CONVERSION = YES;
				CLANG_WARN_COMMA = YES;
				CLANG_WARN_CONSTANT_CONVERSION = YES;
				CLANG_WARN_DEPRECATED_OBJC_IMPLEMENTATIONS = YES;
				CLANG_WARN_DIRECT_OBJC_ISA_USAGE = YES_ERROR;
				CLANG_WARN_DOCUMENTATION_COMMENTS = YES;
				CLANG_WARN_EMPTY_BODY = YES;
				CLANG_WARN_ENUM_CONVERSION = YES;
				CLANG_WARN_INFINITE_RECURSION = YES;
				CLANG_WARN_INT_CONVERSION = YES;
				CLANG_WARN_NON_LITERAL_NULL_CONVERSION = YES;
				CLANG_WARN_OBJC_IMPLICIT_RETAIN_SELF = YES;
				CLANG_WARN_OBJC_LITERAL_CONVERSION = YES;
				CLANG_WARN_OBJC_ROOT_CLASS = YES_ERROR;
				CLANG_WARN_QUOTED_INCLUDE_IN_FRAMEWORK_HEADER = YES;
				CLANG_WARN_RANGE_LOOP_ANALYSIS = YES;
				CLANG_WARN_STRICT_PROTOTYPES = YES;
				CLANG_WARN_SUSPICIOUS_MOVE = YES;
				CLANG_WARN_UNGUARDED_AVAILABILITY = YES_AGGRESSIVE;
				CLANG_WARN_UNREACHABLE_CODE = YES;
				CLANG_WARN__DUPLICATE_METHOD_MATCH = YES;
				COPY_PHASE_STRIP = NO;
				DEBUG_INFORMATION_FORMAT = dwarf;
				ENABLE_STRICT_OBJC_MSGSEND = YES;
				ENABLE_TESTABILITY = YES;
				ENABLE_USER_SCRIPT_SANDBOXING = YES;
				GCC_C_LANGUAGE_STANDARD = gnu17;
				GCC_DYNAMIC_NO_PIC = NO;
				GCC_NO_COMMON_BLOCKS = YES;
				GCC_OPTIMIZATION_LEVEL = 0;
				GCC_PREPROCESSOR_DEFINITIONS = (
					"DEBUG=1",
					"$(inherited)",
				);
				GCC_WARN_64_TO_32_BIT_CONVERSION = YES;
				GCC_WARN_ABOUT_RETURN_TYPE = YES_ERROR;
				GCC_WARN_UNDECLARED_SELECTOR = YES;
				GCC_WARN_UNINITIALIZED_AUTOS = YES_AGGRESSIVE;
				GCC_WARN_UNUSED_FUNCTION = YES;
				GCC_WARN_UNUSED_VARIABLE = YES;
				IPHONEOS_DEPLOYMENT_TARGET = 17.2;
				LOCALIZATION_PREFERS_STRING_CATALOGS = YES;
				MTL_ENABLE_DEBUG_INFO = INCLUDE_SOURCE;
				MTL_FAST_MATH = YES;
				ONLY_ACTIVE_ARCH = YES;
				SDKROOT = iphoneos;
				SWIFT_ACTIVE_COMPILATION_CONDITIONS = "DEBUG $(inherited)";
				SWIFT_OPTIMIZATION_LEVEL = "-Onone";
			};
			name = Debug;
		};
		D7D24AC22BC909BA0002158A /* Release */ = {
			isa = XCBuildConfiguration;
			buildSettings = {
				ALWAYS_SEARCH_USER_PATHS = NO;
				ASSETCATALOG_COMPILER_GENERATE_SWIFT_ASSET_SYMBOL_EXTENSIONS = YES;
				CLANG_ANALYZER_NONNULL = YES;
				CLANG_ANALYZER_NUMBER_OBJECT_CONVERSION = YES_AGGRESSIVE;
				CLANG_CXX_LANGUAGE_STANDARD = "gnu++20";
				CLANG_ENABLE_MODULES = YES;
				CLANG_ENABLE_OBJC_ARC = YES;
				CLANG_ENABLE_OBJC_WEAK = YES;
				CLANG_WARN_BLOCK_CAPTURE_AUTORELEASING = YES;
				CLANG_WARN_BOOL_CONVERSION = YES;
				CLANG_WARN_COMMA = YES;
				CLANG_WARN_CONSTANT_CONVERSION = YES;
				CLANG_WARN_DEPRECATED_OBJC_IMPLEMENTATIONS = YES;
				CLANG_WARN_DIRECT_OBJC_ISA_USAGE = YES_ERROR;
				CLANG_WARN_DOCUMENTATION_COMMENTS = YES;
				CLANG_WARN_EMPTY_BODY = YES;
				CLANG_WARN_ENUM_CONVERSION = YES;
				CLANG_WARN_INFINITE_RECURSION = YES;
				CLANG_WARN_INT_CONVERSION = YES;
				CLANG_WARN_NON_LITERAL_NULL_CONVERSION = YES;
				CLANG_WARN_OBJC_IMPLICIT_RETAIN_SELF = YES;
				CLANG_WARN_OBJC_LITERAL_CONVERSION = YES;
				CLANG_WARN_OBJC_ROOT_CLASS = YES_ERROR;
				CLANG_WARN_QUOTED_INCLUDE_IN_FRAMEWORK_HEADER = YES;
				CLANG_WARN_RANGE_LOOP_ANALYSIS = YES;
				CLANG_WARN_STRICT_PROTOTYPES = YES;
				CLANG_WARN_SUSPICIOUS_MOVE = YES;
				CLANG_WARN_UNGUARDED_AVAILABILITY = YES_AGGRESSIVE;
				CLANG_WARN_UNREACHABLE_CODE = YES;
				CLANG_WARN__DUPLICATE_METHOD_MATCH = YES;
				COPY_PHASE_STRIP = NO;
				DEBUG_INFORMATION_FORMAT = "dwarf-with-dsym";
				ENABLE_NS_ASSERTIONS = NO;
				ENABLE_STRICT_OBJC_MSGSEND = YES;
				ENABLE_USER_SCRIPT_SANDBOXING = YES;
				GCC_C_LANGUAGE_STANDARD = gnu17;
				GCC_NO_COMMON_BLOCKS = YES;
				GCC_WARN_64_TO_32_BIT_CONVERSION = YES;
				GCC_WARN_ABOUT_RETURN_TYPE = YES_ERROR;
				GCC_WARN_UNDECLARED_SELECTOR = YES;
				GCC_WARN_UNINITIALIZED_AUTOS = YES_AGGRESSIVE;
				GCC_WARN_UNUSED_FUNCTION = YES;
				GCC_WARN_UNUSED_VARIABLE = YES;
				IPHONEOS_DEPLOYMENT_TARGET = 17.2;
				LOCALIZATION_PREFERS_STRING_CATALOGS = YES;
				MTL_ENABLE_DEBUG_INFO = NO;
				MTL_FAST_MATH = YES;
				SDKROOT = iphoneos;
				SWIFT_COMPILATION_MODE = wholemodule;
				VALIDATE_PRODUCT = YES;
			};
			name = Release;
		};
		D7D24AC42BC909BA0002158A /* Debug */ = {
			isa = XCBuildConfiguration;
			buildSettings = {
				ASSETCATALOG_COMPILER_APPICON_NAME = AppIcon;
				ASSETCATALOG_COMPILER_GLOBAL_ACCENT_COLOR_NAME = AccentColor;
				CODE_SIGN_STYLE = Automatic;
				CURRENT_PROJECT_VERSION = 1;
				DEVELOPMENT_ASSET_PATHS = "\"EventoRoss/Preview Content\"";
				DEVELOPMENT_TEAM = NY24Z9G667;
				ENABLE_PREVIEWS = YES;
				GENERATE_INFOPLIST_FILE = YES;
				INFOPLIST_FILE = EventoRoss/Info.plist;
				INFOPLIST_KEY_UIApplicationSceneManifest_Generation = YES;
				INFOPLIST_KEY_UIApplicationSupportsIndirectInputEvents = YES;
				INFOPLIST_KEY_UILaunchScreen_Generation = YES;
				INFOPLIST_KEY_UISupportedInterfaceOrientations_iPad = "UIInterfaceOrientationPortrait UIInterfaceOrientationPortraitUpsideDown UIInterfaceOrientationLandscapeLeft UIInterfaceOrientationLandscapeRight";
				INFOPLIST_KEY_UISupportedInterfaceOrientations_iPhone = "UIInterfaceOrientationPortrait UIInterfaceOrientationLandscapeLeft UIInterfaceOrientationLandscapeRight";
				LD_RUNPATH_SEARCH_PATHS = (
					"$(inherited)",
					"@executable_path/Frameworks",
				);
				MARKETING_VERSION = 1.0;
				PRODUCT_BUNDLE_IDENTIFIER = jairolc.EventoRoss;
				PRODUCT_NAME = "$(TARGET_NAME)";
				SWIFT_EMIT_LOC_STRINGS = YES;
				SWIFT_VERSION = 5.0;
				TARGETED_DEVICE_FAMILY = "1,2";
			};
			name = Debug;
		};
		D7D24AC52BC909BA0002158A /* Release */ = {
			isa = XCBuildConfiguration;
			buildSettings = {
				ASSETCATALOG_COMPILER_APPICON_NAME = AppIcon;
				ASSETCATALOG_COMPILER_GLOBAL_ACCENT_COLOR_NAME = AccentColor;
				CODE_SIGN_STYLE = Automatic;
				CURRENT_PROJECT_VERSION = 1;
				DEVELOPMENT_ASSET_PATHS = "\"EventoRoss/Preview Content\"";
				DEVELOPMENT_TEAM = NY24Z9G667;
				ENABLE_PREVIEWS = YES;
				GENERATE_INFOPLIST_FILE = YES;
				INFOPLIST_FILE = EventoRoss/Info.plist;
				INFOPLIST_KEY_UIApplicationSceneManifest_Generation = YES;
				INFOPLIST_KEY_UIApplicationSupportsIndirectInputEvents = YES;
				INFOPLIST_KEY_UILaunchScreen_Generation = YES;
				INFOPLIST_KEY_UISupportedInterfaceOrientations_iPad = "UIInterfaceOrientationPortrait UIInterfaceOrientationPortraitUpsideDown UIInterfaceOrientationLandscapeLeft UIInterfaceOrientationLandscapeRight";
				INFOPLIST_KEY_UISupportedInterfaceOrientations_iPhone = "UIInterfaceOrientationPortrait UIInterfaceOrientationLandscapeLeft UIInterfaceOrientationLandscapeRight";
				LD_RUNPATH_SEARCH_PATHS = (
					"$(inherited)",
					"@executable_path/Frameworks",
				);
				MARKETING_VERSION = 1.0;
				PRODUCT_BUNDLE_IDENTIFIER = jairolc.EventoRoss;
				PRODUCT_NAME = "$(TARGET_NAME)";
				SWIFT_EMIT_LOC_STRINGS = YES;
				SWIFT_VERSION = 5.0;
				TARGETED_DEVICE_FAMILY = "1,2";
			};
			name = Release;
		};
/* End XCBuildConfiguration section */

/* Begin XCConfigurationList section */
		D7D24AB02BC909B80002158A /* Build configuration list for PBXProject "EventoRoss" */ = {
			isa = XCConfigurationList;
			buildConfigurations = (
				D7D24AC12BC909BA0002158A /* Debug */,
				D7D24AC22BC909BA0002158A /* Release */,
			);
			defaultConfigurationIsVisible = 0;
			defaultConfigurationName = Release;
		};
		D7D24AC32BC909BA0002158A /* Build configuration list for PBXNativeTarget "EventoRoss" */ = {
			isa = XCConfigurationList;
			buildConfigurations = (
				D7D24AC42BC909BA0002158A /* Debug */,
				D7D24AC52BC909BA0002158A /* Release */,
			);
			defaultConfigurationIsVisible = 0;
			defaultConfigurationName = Release;
		};
/* End XCConfigurationList section */

/* Begin XCVersionGroup section */
		9B3C8CFC2C026B58002670D2 /* EventoData.xcdatamodeld */ = {
			isa = XCVersionGroup;
			children = (
				9B3C8CFD2C026B58002670D2 /* EventoData.xcdatamodel */,
			);
			currentVersion = 9B3C8CFD2C026B58002670D2 /* EventoData.xcdatamodel */;
			name = EventoData.xcdatamodeld;
			path = /Users/jairolaurente/Documents/Swift/EventoRoss/EventoRoss/ViewModel/EventoData.xcdatamodeld;
			sourceTree = "<group>";
			versionGroupType = wrapper.xcdatamodel;
		};
/* End XCVersionGroup section */
	};
	rootObject = D7D24AAD2BC909B80002158A /* Project object */;
}
